
Microsoft Visual Studio Solution File, Format Version 12.00
# Visual Studio 2013
VisualStudioVersion = 12.0.30723.0
MinimumVisualStudioVersion = 10.0.40219.1
Project("{FAE04EC0-301F-11D3-BF4B-00C04F79EFBC}") = "Griz.Core.Data.Ef", "Centric.Core.Data.Ef\Griz.Core.Data.Ef.csproj", "{41630016-6052-4FC7-AA38-7C1F95121ECC}"
EndProject
Project("{FAE04EC0-301F-11D3-BF4B-00C04F79EFBC}") = "Griz.Core.Data.Ef.Tests", "Centric.Core.Data.Ef.Tests\Griz.Core.Data.Ef.Tests.csproj", "{B275CB07-9899-4D79-A30F-889767DC1F5F}"
EndProject
Project("{FAE04EC0-301F-11D3-BF4B-00C04F79EFBC}") = "Griz.Core.Data.ImMem.Tests", "Centric.Core.Data.ImMem.Tests\Griz.Core.Data.ImMem.Tests.csproj", "{8CD3D1AF-589B-432D-B589-F6CE0CAF9E58}"
EndProject
Project("{FAE04EC0-301F-11D3-BF4B-00C04F79EFBC}") = "Griz.Core.Data.InMem", "Centric.Core.Data.InMem\Griz.Core.Data.InMem.csproj", "{6E32C423-5126-487A-9CDC-5514BC25BC8E}"
EndProject
Project("{FAE04EC0-301F-11D3-BF4B-00C04F79EFBC}") = "Griz.Core", "CentricConnect.Core\Griz.Core.csproj", "{6A7F5BDE-2083-41EA-8045-439F275F3C93}"
EndProject
Project("{2150E333-8FDC-42A3-9474-1A3956D46DE8}") = ".nuget", ".nuget", "{63C637FF-07C6-4F05-9A82-180C2DC75EFA}"
	ProjectSection(SolutionItems) = preProject
		.nuget\NuGet.Config = .nuget\NuGet.Config
		.nuget\NuGet.exe = .nuget\NuGet.exe
		.nuget\NuGet.targets = .nuget\NuGet.targets
	EndProjectSection
EndProject
Global
	GlobalSection(SolutionConfigurationPlatforms) = preSolution
		Debug|Any CPU = Debug|Any CPU
		local|Any CPU = local|Any CPU
		Release|Any CPU = Release|Any CPU
	EndGlobalSection
	GlobalSection(ProjectConfigurationPlatforms) = postSolution
		{41630016-6052-4FC7-AA38-7C1F95121ECC}.Debug|Any CPU.ActiveCfg = Debug|Any CPU
		{41630016-6052-4FC7-AA38-7C1F95121ECC}.Debug|Any CPU.Build.0 = Debug|Any CPU
		{41630016-6052-4FC7-AA38-7C1F95121ECC}.local|Any CPU.ActiveCfg = local|Any CPU
		{41630016-6052-4FC7-AA38-7C1F95121ECC}.local|Any CPU.Build.0 = local|Any CPU
		{41630016-6052-4FC7-AA38-7C1F95121ECC}.Release|Any CPU.ActiveCfg = Release|Any CPU
		{41630016-6052-4FC7-AA38-7C1F95121ECC}.Release|Any CPU.Build.0 = Release|Any CPU
		{B275CB07-9899-4D79-A30F-889767DC1F5F}.Debug|Any CPU.ActiveCfg = Debug|Any CPU
		{B275CB07-9899-4D79-A30F-889767DC1F5F}.Debug|Any CPU.Build.0 = Debug|Any CPU
		{B275CB07-9899-4D79-A30F-889767DC1F5F}.local|Any CPU.ActiveCfg = local|Any CPU
		{B275CB07-9899-4D79-A30F-889767DC1F5F}.local|Any CPU.Build.0 = local|Any CPU
		{B275CB07-9899-4D79-A30F-889767DC1F5F}.Release|Any CPU.ActiveCfg = Release|Any CPU
		{B275CB07-9899-4D79-A30F-889767DC1F5F}.Release|Any CPU.Build.0 = Release|Any CPU
		{8CD3D1AF-589B-432D-B589-F6CE0CAF9E58}.Debug|Any CPU.ActiveCfg = Debug|Any CPU
		{8CD3D1AF-589B-432D-B589-F6CE0CAF9E58}.Debug|Any CPU.Build.0 = Debug|Any CPU
		{8CD3D1AF-589B-432D-B589-F6CE0CAF9E58}.local|Any CPU.ActiveCfg = local|Any CPU
		{8CD3D1AF-589B-432D-B589-F6CE0CAF9E58}.local|Any CPU.Build.0 = local|Any CPU
		{8CD3D1AF-589B-432D-B589-F6CE0CAF9E58}.Release|Any CPU.ActiveCfg = Release|Any CPU
		{8CD3D1AF-589B-432D-B589-F6CE0CAF9E58}.Release|Any CPU.Build.0 = Release|Any CPU
		{6E32C423-5126-487A-9CDC-5514BC25BC8E}.Debug|Any CPU.ActiveCfg = Debug|Any CPU
		{6E32C423-5126-487A-9CDC-5514BC25BC8E}.Debug|Any CPU.Build.0 = Debug|Any CPU
		{6E32C423-5126-487A-9CDC-5514BC25BC8E}.local|Any CPU.ActiveCfg = local|Any CPU
		{6E32C423-5126-487A-9CDC-5514BC25BC8E}.local|Any CPU.Build.0 = local|Any CPU
		{6E32C423-5126-487A-9CDC-5514BC25BC8E}.Release|Any CPU.ActiveCfg = Release|Any CPU
		{6E32C423-5126-487A-9CDC-5514BC25BC8E}.Release|Any CPU.Build.0 = Release|Any CPU
		{6A7F5BDE-2083-41EA-8045-439F275F3C93}.Debug|Any CPU.ActiveCfg = Debug|Any CPU
		{6A7F5BDE-2083-41EA-8045-439F275F3C93}.Debug|Any CPU.Build.0 = Debug|Any CPU
		{6A7F5BDE-2083-41EA-8045-439F275F3C93}.local|Any CPU.ActiveCfg = local|Any CPU
		{6A7F5BDE-2083-41EA-8045-439F275F3C93}.local|Any CPU.Build.0 = local|Any CPU
		{6A7F5BDE-2083-41EA-8045-439F275F3C93}.Release|Any CPU.ActiveCfg = Release|Any CPU
		{6A7F5BDE-2083-41EA-8045-439F275F3C93}.Release|Any CPU.Build.0 = Release|Any CPU
	EndGlobalSection
	GlobalSection(SolutionProperties) = preSolution
		HideSolutionNode = FALSE
	EndGlobalSection
EndGlobal
